
Microsoft Visual Studio Solution File, Format Version 10.00
# Visual Studio 2008
Project("{FAE04EC0-301F-11D3-BF4B-00C04F79EFBC}") = "SamplePlugin", "SamplePlugin.csproj", "{05C943B1-6094-4957-88B6-4B46B04D4ACD}"
EndProject
Global
	GlobalSection(SolutionConfigurationPlatforms) = preSolution
		Debug|Any CPU = Debug|Any CPU
		Release|Any CPU = Release|Any CPU
	EndGlobalSection
	GlobalSection(ProjectConfigurationPlatforms) = postSolution
		{05C943B1-6094-4957-88B6-4B46B04D4ACD}.Debug|Any CPU.ActiveCfg = Debug|Any CPU
		{05C943B1-6094-4957-88B6-4B46B04D4ACD}.Debug|Any CPU.Build.0 = Debug|Any CPU
		{05C943B1-6094-4957-88B6-4B46B04D4ACD}.Release|Any CPU.ActiveCfg = Release|Any CPU
		{05C943B1-6094-4957-88B6-4B46B04D4ACD}.Release|Any CPU.Build.0 = Release|Any CPU
	EndGlobalSection
	GlobalSection(SolutionProperties) = preSolution
		HideSolutionNode = FALSE
	EndGlobalSection
EndGlobal
